
Microsoft Visual Studio Solution File, Format Version 12.00
# Visual Studio Version 17
VisualStudioVersion = 17.5.001.0
MinimumVisualStudioVersion = 10.0.40219.1
Project("{2150E333-8FDC-42A3-9474-1A3956D46DE8}") = "prepare", "prepare", "{0BB6E045-26E4-4A98-92B9-86C7CD16E293}"
EndProject
Project("{9A19103F-16F7-4668-BE54-9A1E7A4F7556}") = "Learning02", "prepare\Learning02\Learning02.csproj", "{EBCC89D1-1657-4E0F-92CC-E818620313AE}"
EndProject
Project("{9A19103F-16F7-4668-BE54-9A1E7A4F7556}") = "Learning05", "prepare\Learning05\Learning05.csproj", "{AD9AA7BC-D49E-4389-B074-5E8C73B82DD0}"
EndProject
Project("{9A19103F-16F7-4668-BE54-9A1E7A4F7556}") = "Learning04", "prepare\Learning04\Learning04.csproj", "{A1916428-8C46-4C9A-A0CD-4F2414A2FB59}"
EndProject
Project("{9A19103F-16F7-4668-BE54-9A1E7A4F7556}") = "Learning03", "prepare\Learning03\Learning03.csproj", "{7A021A2D-3E28-4113-B7C3-6500B7494228}"
EndProject
Project("{2150E333-8FDC-42A3-9474-1A3956D46DE8}") = "prove", "prove", "{A8FC036A-3666-4639-A8CD-C6708FB9E029}"
EndProject
Project("{9A19103F-16F7-4668-BE54-9A1E7A4F7556}") = "Develop03", "prove\Develop03\Develop03.csproj", "{547226FE-EB9D-4CF6-B359-E046789C15D6}"
EndProject
Project("{9A19103F-16F7-4668-BE54-9A1E7A4F7556}") = "Develop04", "prove\Develop04\Develop04.csproj", "{36E6B61E-B139-4A93-95DA-A7A7EB759FAE}"
EndProject
Project("{9A19103F-16F7-4668-BE54-9A1E7A4F7556}") = "Develop05", "prove\Develop05\Develop05.csproj", "{72CCD8E3-DB81-4E97-8390-5D480E31CBF3}"
EndProject
Project("{9A19103F-16F7-4668-BE54-9A1E7A4F7556}") = "Develop02", "prove\Develop02\Develop02.csproj", "{0DBDADFB-17D7-404F-8F22-56FC19A07223}"
EndProject
Project("{2150E333-8FDC-42A3-9474-1A3956D46DE8}") = "sandbox", "sandbox", "{EF7D6BDD-CCDD-4A49-9E93-E392ACB98CEB}"
EndProject
Project("{9A19103F-16F7-4668-BE54-9A1E7A4F7556}") = "Sandbox", "sandbox\Sandbox\Sandbox.csproj", "{C49248F1-1721-43BB-B107-0337ED39B068}"
EndProject
Project("{2150E333-8FDC-42A3-9474-1A3956D46DE8}") = "final", "final", "{D84FB4D5-CFF1-4A0F-940C-CD873E3FD099}"
EndProject
Project("{9A19103F-16F7-4668-BE54-9A1E7A4F7556}") = "FinalProject", "final\FinalProject\FinalProject.csproj", "{64CF878E-B630-463F-B196-EABA56838ECE}"
EndProject
Project("{9A19103F-16F7-4668-BE54-9A1E7A4F7556}") = "Foundation1", "final\Foundation1\Foundation1.csproj", "{5DAF93DE-1E6E-4BA3-A357-1D93EBC53B7B}"
EndProject
Project("{9A19103F-16F7-4668-BE54-9A1E7A4F7556}") = "Foundation4", "final\Foundation4\Foundation4.csproj", "{16FA9A4A-B93A-4796-9DA1-2F7152EE386F}"
EndProject
Project("{9A19103F-16F7-4668-BE54-9A1E7A4F7556}") = "Foundation3", "final\Foundation3\Foundation3.csproj", "{F4EE8638-B7F8-4AD9-B8D3-C3026CCC720B}"
EndProject
Project("{9A19103F-16F7-4668-BE54-9A1E7A4F7556}") = "Foundation2", "final\Foundation2\Foundation2.csproj", "{54EFF8E8-2665-4802-9AAB-B696830CBE6B}"
EndProject
Project("{2150E333-8FDC-42A3-9474-1A3956D46DE8}") = "csharp-prep", "csharp-prep", "{EDE52476-F2F7-40B1-9C52-D486DA19F0B9}"
EndProject
Project("{9A19103F-16F7-4668-BE54-9A1E7A4F7556}") = "Prep1", "csharp-prep\Prep1\Prep1.csproj", "{68F2FD1B-FA87-41CE-819A-D8ECB9B867ED}"
EndProject
Project("{9A19103F-16F7-4668-BE54-9A1E7A4F7556}") = "Prep5", "csharp-prep\Prep5\Prep5.csproj", "{DB1F56FE-710A-44D1-8AF1-6A29FEF675D2}"
EndProject
Project("{9A19103F-16F7-4668-BE54-9A1E7A4F7556}") = "Prep2", "csharp-prep\Prep2\Prep2.csproj", "{3A9915BE-E76E-4C01-8CEC-C97BA75447DA}"
EndProject
Project("{9A19103F-16F7-4668-BE54-9A1E7A4F7556}") = "Prep3", "csharp-prep\Prep3\Prep3.csproj", "{276F490E-BECD-4E02-95AE-08E9C74FDEAA}"
EndProject
Project("{9A19103F-16F7-4668-BE54-9A1E7A4F7556}") = "Prep4", "csharp-prep\Prep4\Prep4.csproj", "{B3CBF923-679A-4678-A712-BCACC6212014}"
EndProject
Global
	GlobalSection(SolutionConfigurationPlatforms) = preSolution
		Debug|Any CPU = Debug|Any CPU
		Release|Any CPU = Release|Any CPU
	EndGlobalSection
	GlobalSection(ProjectConfigurationPlatforms) = postSolution
		{EBCC89D1-1657-4E0F-92CC-E818620313AE}.Debug|Any CPU.ActiveCfg = Debug|Any CPU
		{EBCC89D1-1657-4E0F-92CC-E818620313AE}.Debug|Any CPU.Build.0 = Debug|Any CPU
		{EBCC89D1-1657-4E0F-92CC-E818620313AE}.Release|Any CPU.ActiveCfg = Release|Any CPU
		{EBCC89D1-1657-4E0F-92CC-E818620313AE}.Release|Any CPU.Build.0 = Release|Any CPU
		{AD9AA7BC-D49E-4389-B074-5E8C73B82DD0}.Debug|Any CPU.ActiveCfg = Debug|Any CPU
		{AD9AA7BC-D49E-4389-B074-5E8C73B82DD0}.Debug|Any CPU.Build.0 = Debug|Any CPU
		{AD9AA7BC-D49E-4389-B074-5E8C73B82DD0}.Release|Any CPU.ActiveCfg = Release|Any CPU
		{AD9AA7BC-D49E-4389-B074-5E8C73B82DD0}.Release|Any CPU.Build.0 = Release|Any CPU
		{A1916428-8C46-4C9A-A0CD-4F2414A2FB59}.Debug|Any CPU.ActiveCfg = Debug|Any CPU
		{A1916428-8C46-4C9A-A0CD-4F2414A2FB59}.Debug|Any CPU.Build.0 = Debug|Any CPU
		{A1916428-8C46-4C9A-A0CD-4F2414A2FB59}.Release|Any CPU.ActiveCfg = Release|Any CPU
		{A1916428-8C46-4C9A-A0CD-4F2414A2FB59}.Release|Any CPU.Build.0 = Release|Any CPU
		{7A021A2D-3E28-4113-B7C3-6500B7494228}.Debug|Any CPU.ActiveCfg = Debug|Any CPU
		{7A021A2D-3E28-4113-B7C3-6500B7494228}.Debug|Any CPU.Build.0 = Debug|Any CPU
		{7A021A2D-3E28-4113-B7C3-6500B7494228}.Release|Any CPU.ActiveCfg = Release|Any CPU
		{7A021A2D-3E28-4113-B7C3-6500B7494228}.Release|Any CPU.Build.0 = Release|Any CPU
		{547226FE-EB9D-4CF6-B359-E046789C15D6}.Debug|Any CPU.ActiveCfg = Debug|Any CPU
		{547226FE-EB9D-4CF6-B359-E046789C15D6}.Debug|Any CPU.Build.0 = Debug|Any CPU
		{547226FE-EB9D-4CF6-B359-E046789C15D6}.Release|Any CPU.ActiveCfg = Release|Any CPU
		{547226FE-EB9D-4CF6-B359-E046789C15D6}.Release|Any CPU.Build.0 = Release|Any CPU
		{36E6B61E-B139-4A93-95DA-A7A7EB759FAE}.Debug|Any CPU.ActiveCfg = Debug|Any CPU
		{36E6B61E-B139-4A93-95DA-A7A7EB759FAE}.Debug|Any CPU.Build.0 = Debug|Any CPU
		{36E6B61E-B139-4A93-95DA-A7A7EB759FAE}.Release|Any CPU.ActiveCfg = Release|Any CPU
		{36E6B61E-B139-4A93-95DA-A7A7EB759FAE}.Release|Any CPU.Build.0 = Release|Any CPU
		{72CCD8E3-DB81-4E97-8390-5D480E31CBF3}.Debug|Any CPU.ActiveCfg = Debug|Any CPU
		{72CCD8E3-DB81-4E97-8390-5D480E31CBF3}.Debug|Any CPU.Build.0 = Debug|Any CPU
		{72CCD8E3-DB81-4E97-8390-5D480E31CBF3}.Release|Any CPU.ActiveCfg = Release|Any CPU
		{72CCD8E3-DB81-4E97-8390-5D480E31CBF3}.Release|Any CPU.Build.0 = Release|Any CPU
		{0DBDADFB-17D7-404F-8F22-56FC19A07223}.Debug|Any CPU.ActiveCfg = Debug|Any CPU
		{0DBDADFB-17D7-404F-8F22-56FC19A07223}.Debug|Any CPU.Build.0 = Debug|Any CPU
		{0DBDADFB-17D7-404F-8F22-56FC19A07223}.Release|Any CPU.ActiveCfg = Release|Any CPU
		{0DBDADFB-17D7-404F-8F22-56FC19A07223}.Release|Any CPU.Build.0 = Release|Any CPU
		{C49248F1-1721-43BB-B107-0337ED39B068}.Debug|Any CPU.ActiveCfg = Debug|Any CPU
		{C49248F1-1721-43BB-B107-0337ED39B068}.Debug|Any CPU.Build.0 = Debug|Any CPU
		{C49248F1-1721-43BB-B107-0337ED39B068}.Release|Any CPU.ActiveCfg = Release|Any CPU
		{C49248F1-1721-43BB-B107-0337ED39B068}.Release|Any CPU.Build.0 = Release|Any CPU
		{64CF878E-B630-463F-B196-EABA56838ECE}.Debug|Any CPU.ActiveCfg = Debug|Any CPU
		{64CF878E-B630-463F-B196-EABA56838ECE}.Debug|Any CPU.Build.0 = Debug|Any CPU
		{64CF878E-B630-463F-B196-EABA56838ECE}.Release|Any CPU.ActiveCfg = Release|Any CPU
		{64CF878E-B630-463F-B196-EABA56838ECE}.Release|Any CPU.Build.0 = Release|Any CPU
		{5DAF93DE-1E6E-4BA3-A357-1D93EBC53B7B}.Debug|Any CPU.ActiveCfg = Debug|Any CPU
		{5DAF93DE-1E6E-4BA3-A357-1D93EBC53B7B}.Debug|Any CPU.Build.0 = Debug|Any CPU
		{5DAF93DE-1E6E-4BA3-A357-1D93EBC53B7B}.Release|Any CPU.ActiveCfg = Release|Any CPU
		{5DAF93DE-1E6E-4BA3-A357-1D93EBC53B7B}.Release|Any CPU.Build.0 = Release|Any CPU
		{16FA9A4A-B93A-4796-9DA1-2F7152EE386F}.Debug|Any CPU.ActiveCfg = Debug|Any CPU
		{16FA9A4A-B93A-4796-9DA1-2F7152EE386F}.Debug|Any CPU.Build.0 = Debug|Any CPU
		{16FA9A4A-B93A-4796-9DA1-2F7152EE386F}.Release|Any CPU.ActiveCfg = Release|Any CPU
		{16FA9A4A-B93A-4796-9DA1-2F7152EE386F}.Release|Any CPU.Build.0 = Release|Any CPU
		{F4EE8638-B7F8-4AD9-B8D3-C3026CCC720B}.Debug|Any CPU.ActiveCfg = Debug|Any CPU
		{F4EE8638-B7F8-4AD9-B8D3-C3026CCC720B}.Debug|Any CPU.Build.0 = Debug|Any CPU
		{F4EE8638-B7F8-4AD9-B8D3-C3026CCC720B}.Release|Any CPU.ActiveCfg = Release|Any CPU
		{F4EE8638-B7F8-4AD9-B8D3-C3026CCC720B}.Release|Any CPU.Build.0 = Release|Any CPU
		{54EFF8E8-2665-4802-9AAB-B696830CBE6B}.Debug|Any CPU.ActiveCfg = Debug|Any CPU
		{54EFF8E8-2665-4802-9AAB-B696830CBE6B}.Debug|Any CPU.Build.0 = Debug|Any CPU
		{54EFF8E8-2665-4802-9AAB-B696830CBE6B}.Release|Any CPU.ActiveCfg = Release|Any CPU
		{54EFF8E8-2665-4802-9AAB-B696830CBE6B}.Release|Any CPU.Build.0 = Release|Any CPU
		{68F2FD1B-FA87-41CE-819A-D8ECB9B867ED}.Debug|Any CPU.ActiveCfg = Debug|Any CPU
		{68F2FD1B-FA87-41CE-819A-D8ECB9B867ED}.Debug|Any CPU.Build.0 = Debug|Any CPU
		{68F2FD1B-FA87-41CE-819A-D8ECB9B867ED}.Release|Any CPU.ActiveCfg = Release|Any CPU
		{68F2FD1B-FA87-41CE-819A-D8ECB9B867ED}.Release|Any CPU.Build.0 = Release|Any CPU
		{DB1F56FE-710A-44D1-8AF1-6A29FEF675D2}.Debug|Any CPU.ActiveCfg = Debug|Any CPU
		{DB1F56FE-710A-44D1-8AF1-6A29FEF675D2}.Debug|Any CPU.Build.0 = Debug|Any CPU
		{DB1F56FE-710A-44D1-8AF1-6A29FEF675D2}.Release|Any CPU.ActiveCfg = Release|Any CPU
		{DB1F56FE-710A-44D1-8AF1-6A29FEF675D2}.Release|Any CPU.Build.0 = Release|Any CPU
		{3A9915BE-E76E-4C01-8CEC-C97BA75447DA}.Debug|Any CPU.ActiveCfg = Debug|Any CPU
		{3A9915BE-E76E-4C01-8CEC-C97BA75447DA}.Debug|Any CPU.Build.0 = Debug|Any CPU
		{3A9915BE-E76E-4C01-8CEC-C97BA75447DA}.Release|Any CPU.ActiveCfg = Release|Any CPU
		{3A9915BE-E76E-4C01-8CEC-C97BA75447DA}.Release|Any CPU.Build.0 = Release|Any CPU
		{276F490E-BECD-4E02-95AE-08E9C74FDEAA}.Debug|Any CPU.ActiveCfg = Debug|Any CPU
		{276F490E-BECD-4E02-95AE-08E9C74FDEAA}.Debug|Any CPU.Build.0 = Debug|Any CPU
		{276F490E-BECD-4E02-95AE-08E9C74FDEAA}.Release|Any CPU.ActiveCfg = Release|Any CPU
		{276F490E-BECD-4E02-95AE-08E9C74FDEAA}.Release|Any CPU.Build.0 = Release|Any CPU
		{B3CBF923-679A-4678-A712-BCACC6212014}.Debug|Any CPU.ActiveCfg = Debug|Any CPU
		{B3CBF923-679A-4678-A712-BCACC6212014}.Debug|Any CPU.Build.0 = Debug|Any CPU
		{B3CBF923-679A-4678-A712-BCACC6212014}.Release|Any CPU.ActiveCfg = Release|Any CPU
		{B3CBF923-679A-4678-A712-BCACC6212014}.Release|Any CPU.Build.0 = Release|Any CPU
	EndGlobalSection
	GlobalSection(SolutionProperties) = preSolution
		HideSolutionNode = FALSE
	EndGlobalSection
	GlobalSection(NestedProjects) = preSolution
		{EBCC89D1-1657-4E0F-92CC-E818620313AE} = {0BB6E045-26E4-4A98-92B9-86C7CD16E293}
		{AD9AA7BC-D49E-4389-B074-5E8C73B82DD0} = {0BB6E045-26E4-4A98-92B9-86C7CD16E293}
		{A1916428-8C46-4C9A-A0CD-4F2414A2FB59} = {0BB6E045-26E4-4A98-92B9-86C7CD16E293}
		{7A021A2D-3E28-4113-B7C3-6500B7494228} = {0BB6E045-26E4-4A98-92B9-86C7CD16E293}
		{547226FE-EB9D-4CF6-B359-E046789C15D6} = {A8FC036A-3666-4639-A8CD-C6708FB9E029}
		{36E6B61E-B139-4A93-95DA-A7A7EB759FAE} = {A8FC036A-3666-4639-A8CD-C6708FB9E029}
		{72CCD8E3-DB81-4E97-8390-5D480E31CBF3} = {A8FC036A-3666-4639-A8CD-C6708FB9E029}
		{0DBDADFB-17D7-404F-8F22-56FC19A07223} = {A8FC036A-3666-4639-A8CD-C6708FB9E029}
		{C49248F1-1721-43BB-B107-0337ED39B068} = {EF7D6BDD-CCDD-4A49-9E93-E392ACB98CEB}
		{64CF878E-B630-463F-B196-EABA56838ECE} = {D84FB4D5-CFF1-4A0F-940C-CD873E3FD099}
		{5DAF93DE-1E6E-4BA3-A357-1D93EBC53B7B} = {D84FB4D5-CFF1-4A0F-940C-CD873E3FD099}
		{16FA9A4A-B93A-4796-9DA1-2F7152EE386F} = {D84FB4D5-CFF1-4A0F-940C-CD873E3FD099}
		{F4EE8638-B7F8-4AD9-B8D3-C3026CCC720B} = {D84FB4D5-CFF1-4A0F-940C-CD873E3FD099}
		{54EFF8E8-2665-4802-9AAB-B696830CBE6B} = {D84FB4D5-CFF1-4A0F-940C-CD873E3FD099}
		{68F2FD1B-FA87-41CE-819A-D8ECB9B867ED} = {EDE52476-F2F7-40B1-9C52-D486DA19F0B9}
		{DB1F56FE-710A-44D1-8AF1-6A29FEF675D2} = {EDE52476-F2F7-40B1-9C52-D486DA19F0B9}
		{3A9915BE-E76E-4C01-8CEC-C97BA75447DA} = {EDE52476-F2F7-40B1-9C52-D486DA19F0B9}
		{276F490E-BECD-4E02-95AE-08E9C74FDEAA} = {EDE52476-F2F7-40B1-9C52-D486DA19F0B9}
		{B3CBF923-679A-4678-A712-BCACC6212014} = {EDE52476-F2F7-40B1-9C52-D486DA19F0B9}
	EndGlobalSection
	GlobalSection(ExtensibilityGlobals) = postSolution
		SolutionGuid = {319A308B-E6BB-455A-9FA0-DE8AFCD13288}
	EndGlobalSection
EndGlobal
